// !$*UTF8*$!
{
	archiveVersion = 1;
	classes = {
	};
	objectVersion = 48;
	objects = {

/* Begin PBXBuildFile section */
		1B9DF3F015621E02E9B321C8 /* Pods_SmackUITests.framework in Frameworks */ = {isa = PBXBuildFile; fileRef = A5E4F20B5712CA5F4DED016E /* Pods_SmackUITests.framework */; };
		2C572BD5FA9C715B1D7C6DCD /* Pods_Smack.framework in Frameworks */ = {isa = PBXBuildFile; fileRef = 0BE7DDCB597B49E41CE53423 /* Pods_Smack.framework */; };
		3105585D2016292B009B329A /* AppDelegate.swift in Sources */ = {isa = PBXBuildFile; fileRef = 3105585C2016292B009B329A /* AppDelegate.swift */; };
		310558622016292B009B329A /* Main.storyboard in Resources */ = {isa = PBXBuildFile; fileRef = 310558602016292B009B329A /* Main.storyboard */; };
		310558642016292B009B329A /* Assets.xcassets in Resources */ = {isa = PBXBuildFile; fileRef = 310558632016292B009B329A /* Assets.xcassets */; };
		310558672016292B009B329A /* LaunchScreen.storyboard in Resources */ = {isa = PBXBuildFile; fileRef = 310558652016292B009B329A /* LaunchScreen.storyboard */; };
		310558722016292B009B329A /* SmackTests.swift in Sources */ = {isa = PBXBuildFile; fileRef = 310558712016292B009B329A /* SmackTests.swift */; };
		3105587D2016292B009B329A /* SmackUITests.swift in Sources */ = {isa = PBXBuildFile; fileRef = 3105587C2016292B009B329A /* SmackUITests.swift */; };
		3105588F201635D5009B329A /* SWRevealViewController.m in Sources */ = {isa = PBXBuildFile; fileRef = 3105588E201635D5009B329A /* SWRevealViewController.m */; };
		310B32A52023582E00A92F6B /* CircleImage.swift in Sources */ = {isa = PBXBuildFile; fileRef = 310B32A42023582E00A92F6B /* CircleImage.swift */; };
		310B32A82028BA2100A92F6B /* ProfileVC.swift in Sources */ = {isa = PBXBuildFile; fileRef = 310B32A62028BA2100A92F6B /* ProfileVC.swift */; };
		310B32A92028BA2100A92F6B /* ProfileVC.xib in Resources */ = {isa = PBXBuildFile; fileRef = 310B32A72028BA2100A92F6B /* ProfileVC.xib */; };
		311B32A6201EE9220061B75A /* UserDataService.swift in Sources */ = {isa = PBXBuildFile; fileRef = 311B32A5201EE9220061B75A /* UserDataService.swift */; };
		311B32A82020EA090061B75A /* AvatarPickerVC.swift in Sources */ = {isa = PBXBuildFile; fileRef = 311B32A72020EA090061B75A /* AvatarPickerVC.swift */; };
		311B32AA202110330061B75A /* AvatarCell.swift in Sources */ = {isa = PBXBuildFile; fileRef = 311B32A9202110330061B75A /* AvatarCell.swift */; };
		311E239C201E4E5D00735F2A /* AuthService.swift in Sources */ = {isa = PBXBuildFile; fileRef = 311E239B201E4E5D00735F2A /* AuthService.swift */; };
		311E239E201E6BE600735F2A /* RoundedButton.swift in Sources */ = {isa = PBXBuildFile; fileRef = 311E239D201E6BE600735F2A /* RoundedButton.swift */; };
		3159780220184EBB00A8E268 /* ChatVC.swift in Sources */ = {isa = PBXBuildFile; fileRef = 3159780120184EBB00A8E268 /* ChatVC.swift */; };
		3159780420184ECD00A8E268 /* ChannelVC.swift in Sources */ = {isa = PBXBuildFile; fileRef = 3159780320184ECD00A8E268 /* ChannelVC.swift */; };
		31597806201A884100A8E268 /* GradientView.swift in Sources */ = {isa = PBXBuildFile; fileRef = 31597805201A884100A8E268 /* GradientView.swift */; };
		31597809201BAE7400A8E268 /* Constants.swift in Sources */ = {isa = PBXBuildFile; fileRef = 31597808201BAE7400A8E268 /* Constants.swift */; };
		3159780B201BB29F00A8E268 /* LoginVC.swift in Sources */ = {isa = PBXBuildFile; fileRef = 3159780A201BB29F00A8E268 /* LoginVC.swift */; };
		3159780D201BB65000A8E268 /* CreateAccountVC.swift in Sources */ = {isa = PBXBuildFile; fileRef = 3159780C201BB65000A8E268 /* CreateAccountVC.swift */; };
		5EECF8F26A274576F4671BC5 /* Pods_SmackTests.framework in Frameworks */ = {isa = PBXBuildFile; fileRef = 8A2A56A8B98C15111074FADD /* Pods_SmackTests.framework */; };
/* End PBXBuildFile section */

/* Begin PBXContainerItemProxy section */
		3105586E2016292B009B329A /* PBXContainerItemProxy */ = {
			isa = PBXContainerItemProxy;
			containerPortal = 310558512016292B009B329A /* Project object */;
			proxyType = 1;
			remoteGlobalIDString = 310558582016292B009B329A;
			remoteInfo = Smack;
		};
		310558792016292B009B329A /* PBXContainerItemProxy */ = {
			isa = PBXContainerItemProxy;
			containerPortal = 310558512016292B009B329A /* Project object */;
			proxyType = 1;
			remoteGlobalIDString = 310558582016292B009B329A;
			remoteInfo = Smack;
		};
/* End PBXContainerItemProxy section */

/* Begin PBXFileReference section */
		0201D4E9B741590FA2C88162 /* Pods-SmackTests.release.xcconfig */ = {isa = PBXFileReference; includeInIndex = 1; lastKnownFileType = text.xcconfig; name = "Pods-SmackTests.release.xcconfig"; path = "Pods/Target Support Files/Pods-SmackTests/Pods-SmackTests.release.xcconfig"; sourceTree = "<group>"; };
		0BE7DDCB597B49E41CE53423 /* Pods_Smack.framework */ = {isa = PBXFileReference; explicitFileType = wrapper.framework; includeInIndex = 0; path = Pods_Smack.framework; sourceTree = BUILT_PRODUCTS_DIR; };
		13A5A81ADDAC2AD488330DFA /* Pods-Smack.debug.xcconfig */ = {isa = PBXFileReference; includeInIndex = 1; lastKnownFileType = text.xcconfig; name = "Pods-Smack.debug.xcconfig"; path = "Pods/Target Support Files/Pods-Smack/Pods-Smack.debug.xcconfig"; sourceTree = "<group>"; };
		310558592016292B009B329A /* Smack.app */ = {isa = PBXFileReference; explicitFileType = wrapper.application; includeInIndex = 0; path = Smack.app; sourceTree = BUILT_PRODUCTS_DIR; };
		3105585C2016292B009B329A /* AppDelegate.swift */ = {isa = PBXFileReference; lastKnownFileType = sourcecode.swift; path = AppDelegate.swift; sourceTree = "<group>"; };
		310558612016292B009B329A /* Base */ = {isa = PBXFileReference; lastKnownFileType = file.storyboard; name = Base; path = Base.lproj/Main.storyboard; sourceTree = "<group>"; };
		310558632016292B009B329A /* Assets.xcassets */ = {isa = PBXFileReference; lastKnownFileType = folder.assetcatalog; path = Assets.xcassets; sourceTree = "<group>"; };
		310558662016292B009B329A /* Base */ = {isa = PBXFileReference; lastKnownFileType = file.storyboard; name = Base; path = Base.lproj/LaunchScreen.storyboard; sourceTree = "<group>"; };
		310558682016292B009B329A /* Info.plist */ = {isa = PBXFileReference; lastKnownFileType = text.plist.xml; path = Info.plist; sourceTree = "<group>"; };
		3105586D2016292B009B329A /* SmackTests.xctest */ = {isa = PBXFileReference; explicitFileType = wrapper.cfbundle; includeInIndex = 0; path = SmackTests.xctest; sourceTree = BUILT_PRODUCTS_DIR; };
		310558712016292B009B329A /* SmackTests.swift */ = {isa = PBXFileReference; lastKnownFileType = sourcecode.swift; path = SmackTests.swift; sourceTree = "<group>"; };
		310558732016292B009B329A /* Info.plist */ = {isa = PBXFileReference; lastKnownFileType = text.plist.xml; path = Info.plist; sourceTree = "<group>"; };
		310558782016292B009B329A /* SmackUITests.xctest */ = {isa = PBXFileReference; explicitFileType = wrapper.cfbundle; includeInIndex = 0; path = SmackUITests.xctest; sourceTree = BUILT_PRODUCTS_DIR; };
		3105587C2016292B009B329A /* SmackUITests.swift */ = {isa = PBXFileReference; lastKnownFileType = sourcecode.swift; path = SmackUITests.swift; sourceTree = "<group>"; };
		3105587E2016292B009B329A /* Info.plist */ = {isa = PBXFileReference; lastKnownFileType = text.plist.xml; path = Info.plist; sourceTree = "<group>"; };
		3105588C201635D4009B329A /* Smack-Bridging-Header.h */ = {isa = PBXFileReference; lastKnownFileType = sourcecode.c.h; path = "Smack-Bridging-Header.h"; sourceTree = "<group>"; };
		3105588D201635D5009B329A /* SWRevealViewController.h */ = {isa = PBXFileReference; fileEncoding = 4; lastKnownFileType = sourcecode.c.h; path = SWRevealViewController.h; sourceTree = "<group>"; };
		3105588E201635D5009B329A /* SWRevealViewController.m */ = {isa = PBXFileReference; fileEncoding = 4; lastKnownFileType = sourcecode.c.objc; path = SWRevealViewController.m; sourceTree = "<group>"; };
		310B32A42023582E00A92F6B /* CircleImage.swift */ = {isa = PBXFileReference; lastKnownFileType = sourcecode.swift; path = CircleImage.swift; sourceTree = "<group>"; };
		310B32A62028BA2100A92F6B /* ProfileVC.swift */ = {isa = PBXFileReference; lastKnownFileType = sourcecode.swift; path = ProfileVC.swift; sourceTree = "<group>"; };
		310B32A72028BA2100A92F6B /* ProfileVC.xib */ = {isa = PBXFileReference; lastKnownFileType = file.xib; path = ProfileVC.xib; sourceTree = "<group>"; };
		311B32A5201EE9220061B75A /* UserDataService.swift */ = {isa = PBXFileReference; lastKnownFileType = sourcecode.swift; path = UserDataService.swift; sourceTree = "<group>"; };
		311B32A72020EA090061B75A /* AvatarPickerVC.swift */ = {isa = PBXFileReference; lastKnownFileType = sourcecode.swift; path = AvatarPickerVC.swift; sourceTree = "<group>"; };
		311B32A9202110330061B75A /* AvatarCell.swift */ = {isa = PBXFileReference; lastKnownFileType = sourcecode.swift; path = AvatarCell.swift; sourceTree = "<group>"; };
		311E239B201E4E5D00735F2A /* AuthService.swift */ = {isa = PBXFileReference; lastKnownFileType = sourcecode.swift; path = AuthService.swift; sourceTree = "<group>"; };
		311E239D201E6BE600735F2A /* RoundedButton.swift */ = {isa = PBXFileReference; lastKnownFileType = sourcecode.swift; path = RoundedButton.swift; sourceTree = "<group>"; };
		3159780120184EBB00A8E268 /* ChatVC.swift */ = {isa = PBXFileReference; lastKnownFileType = sourcecode.swift; path = ChatVC.swift; sourceTree = "<group>"; };
		3159780320184ECD00A8E268 /* ChannelVC.swift */ = {isa = PBXFileReference; lastKnownFileType = sourcecode.swift; path = ChannelVC.swift; sourceTree = "<group>"; };
		31597805201A884100A8E268 /* GradientView.swift */ = {isa = PBXFileReference; lastKnownFileType = sourcecode.swift; path = GradientView.swift; sourceTree = "<group>"; };
		31597808201BAE7400A8E268 /* Constants.swift */ = {isa = PBXFileReference; lastKnownFileType = sourcecode.swift; path = Constants.swift; sourceTree = "<group>"; };
		3159780A201BB29F00A8E268 /* LoginVC.swift */ = {isa = PBXFileReference; lastKnownFileType = sourcecode.swift; path = LoginVC.swift; sourceTree = "<group>"; };
		3159780C201BB65000A8E268 /* CreateAccountVC.swift */ = {isa = PBXFileReference; lastKnownFileType = sourcecode.swift; path = CreateAccountVC.swift; sourceTree = "<group>"; };
		78BF2785464A7FB262C568EB /* Pods-SmackUITests.debug.xcconfig */ = {isa = PBXFileReference; includeInIndex = 1; lastKnownFileType = text.xcconfig; name = "Pods-SmackUITests.debug.xcconfig"; path = "Pods/Target Support Files/Pods-SmackUITests/Pods-SmackUITests.debug.xcconfig"; sourceTree = "<group>"; };
		8A2A56A8B98C15111074FADD /* Pods_SmackTests.framework */ = {isa = PBXFileReference; explicitFileType = wrapper.framework; includeInIndex = 0; path = Pods_SmackTests.framework; sourceTree = BUILT_PRODUCTS_DIR; };
		8E9F2115D826B4104C3F9A00 /* Pods-SmackUITests.release.xcconfig */ = {isa = PBXFileReference; includeInIndex = 1; lastKnownFileType = text.xcconfig; name = "Pods-SmackUITests.release.xcconfig"; path = "Pods/Target Support Files/Pods-SmackUITests/Pods-SmackUITests.release.xcconfig"; sourceTree = "<group>"; };
		A5E4F20B5712CA5F4DED016E /* Pods_SmackUITests.framework */ = {isa = PBXFileReference; explicitFileType = wrapper.framework; includeInIndex = 0; path = Pods_SmackUITests.framework; sourceTree = BUILT_PRODUCTS_DIR; };
		C101D6C9BE05DE5D627B75C7 /* Pods-Smack.release.xcconfig */ = {isa = PBXFileReference; includeInIndex = 1; lastKnownFileType = text.xcconfig; name = "Pods-Smack.release.xcconfig"; path = "Pods/Target Support Files/Pods-Smack/Pods-Smack.release.xcconfig"; sourceTree = "<group>"; };
		EAC2E8E54F6006FF63B1AE4E /* Pods-SmackTests.debug.xcconfig */ = {isa = PBXFileReference; includeInIndex = 1; lastKnownFileType = text.xcconfig; name = "Pods-SmackTests.debug.xcconfig"; path = "Pods/Target Support Files/Pods-SmackTests/Pods-SmackTests.debug.xcconfig"; sourceTree = "<group>"; };
/* End PBXFileReference section */

/* Begin PBXFrameworksBuildPhase section */
		310558562016292B009B329A /* Frameworks */ = {
			isa = PBXFrameworksBuildPhase;
			buildActionMask = 2147483647;
			files = (
				2C572BD5FA9C715B1D7C6DCD /* Pods_Smack.framework in Frameworks */,
			);
			runOnlyForDeploymentPostprocessing = 0;
		};
		3105586A2016292B009B329A /* Frameworks */ = {
			isa = PBXFrameworksBuildPhase;
			buildActionMask = 2147483647;
			files = (
				5EECF8F26A274576F4671BC5 /* Pods_SmackTests.framework in Frameworks */,
			);
			runOnlyForDeploymentPostprocessing = 0;
		};
		310558752016292B009B329A /* Frameworks */ = {
			isa = PBXFrameworksBuildPhase;
			buildActionMask = 2147483647;
			files = (
				1B9DF3F015621E02E9B321C8 /* Pods_SmackUITests.framework in Frameworks */,
			);
			runOnlyForDeploymentPostprocessing = 0;
		};
/* End PBXFrameworksBuildPhase section */

/* Begin PBXGroup section */
		310558502016292B009B329A = {
			isa = PBXGroup;
			children = (
				3105585B2016292B009B329A /* Smack */,
				310558702016292B009B329A /* SmackTests */,
				3105587B2016292B009B329A /* SmackUITests */,
				3105585A2016292B009B329A /* Products */,
				85ACBFF7C5BC1076A22015F0 /* Pods */,
				AB78BEFDC9C360394C2FCE47 /* Frameworks */,
			);
			sourceTree = "<group>";
		};
		3105585A2016292B009B329A /* Products */ = {
			isa = PBXGroup;
			children = (
				310558592016292B009B329A /* Smack.app */,
				3105586D2016292B009B329A /* SmackTests.xctest */,
				310558782016292B009B329A /* SmackUITests.xctest */,
			);
			name = Products;
			sourceTree = "<group>";
		};
		3105585B2016292B009B329A /* Smack */ = {
			isa = PBXGroup;
			children = (
				310B32AA2028BA4500A92F6B /* Zibs */,
				311E239A201E4E4A00735F2A /* Services */,
				31597807201BAE5D00A8E268 /* Utilities */,
				3159780020184E9B00A8E268 /* Model */,
				315977FF20184E9200A8E268 /* View */,
				315977FE20184E8C00A8E268 /* Controller */,
				3105588B2016352C009B329A /* Supporting Files */,
				3105585C2016292B009B329A /* AppDelegate.swift */,
				310558602016292B009B329A /* Main.storyboard */,
				310558632016292B009B329A /* Assets.xcassets */,
				310558652016292B009B329A /* LaunchScreen.storyboard */,
				310558682016292B009B329A /* Info.plist */,
			);
			path = Smack;
			sourceTree = "<group>";
		};
		310558702016292B009B329A /* SmackTests */ = {
			isa = PBXGroup;
			children = (
				310558712016292B009B329A /* SmackTests.swift */,
				310558732016292B009B329A /* Info.plist */,
			);
			path = SmackTests;
			sourceTree = "<group>";
		};
		3105587B2016292B009B329A /* SmackUITests */ = {
			isa = PBXGroup;
			children = (
				3105587C2016292B009B329A /* SmackUITests.swift */,
				3105587E2016292B009B329A /* Info.plist */,
			);
			path = SmackUITests;
			sourceTree = "<group>";
		};
		3105588B2016352C009B329A /* Supporting Files */ = {
			isa = PBXGroup;
			children = (
				3105588D201635D5009B329A /* SWRevealViewController.h */,
				3105588E201635D5009B329A /* SWRevealViewController.m */,
				3105588C201635D4009B329A /* Smack-Bridging-Header.h */,
			);
			path = "Supporting Files";
			sourceTree = "<group>";
		};
		310B32AA2028BA4500A92F6B /* Zibs */ = {
			isa = PBXGroup;
			children = (
				310B32A72028BA2100A92F6B /* ProfileVC.xib */,
			);
			path = Zibs;
			sourceTree = "<group>";
		};
		311E239A201E4E4A00735F2A /* Services */ = {
			isa = PBXGroup;
			children = (
				311E239B201E4E5D00735F2A /* AuthService.swift */,
				311B32A5201EE9220061B75A /* UserDataService.swift */,
			);
			path = Services;
			sourceTree = "<group>";
		};
		315977FE20184E8C00A8E268 /* Controller */ = {
			isa = PBXGroup;
			children = (
				3159780120184EBB00A8E268 /* ChatVC.swift */,
				3159780320184ECD00A8E268 /* ChannelVC.swift */,
				3159780A201BB29F00A8E268 /* LoginVC.swift */,
				3159780C201BB65000A8E268 /* CreateAccountVC.swift */,
				311B32A72020EA090061B75A /* AvatarPickerVC.swift */,
				310B32A62028BA2100A92F6B /* ProfileVC.swift */,
			);
			path = Controller;
			sourceTree = "<group>";
		};
		315977FF20184E9200A8E268 /* View */ = {
			isa = PBXGroup;
			children = (
				31597805201A884100A8E268 /* GradientView.swift */,
				311E239D201E6BE600735F2A /* RoundedButton.swift */,
				311B32A9202110330061B75A /* AvatarCell.swift */,
				310B32A42023582E00A92F6B /* CircleImage.swift */,
			);
			path = View;
			sourceTree = "<group>";
		};
		3159780020184E9B00A8E268 /* Model */ = {
			isa = PBXGroup;
			children = (
			);
			path = Model;
			sourceTree = "<group>";
		};
		31597807201BAE5D00A8E268 /* Utilities */ = {
			isa = PBXGroup;
			children = (
				31597808201BAE7400A8E268 /* Constants.swift */,
			);
			path = Utilities;
			sourceTree = "<group>";
		};
		85ACBFF7C5BC1076A22015F0 /* Pods */ = {
			isa = PBXGroup;
			children = (
				13A5A81ADDAC2AD488330DFA /* Pods-Smack.debug.xcconfig */,
				C101D6C9BE05DE5D627B75C7 /* Pods-Smack.release.xcconfig */,
				EAC2E8E54F6006FF63B1AE4E /* Pods-SmackTests.debug.xcconfig */,
				0201D4E9B741590FA2C88162 /* Pods-SmackTests.release.xcconfig */,
				78BF2785464A7FB262C568EB /* Pods-SmackUITests.debug.xcconfig */,
				8E9F2115D826B4104C3F9A00 /* Pods-SmackUITests.release.xcconfig */,
			);
			name = Pods;
			sourceTree = "<group>";
		};
		AB78BEFDC9C360394C2FCE47 /* Frameworks */ = {
			isa = PBXGroup;
			children = (
				0BE7DDCB597B49E41CE53423 /* Pods_Smack.framework */,
				8A2A56A8B98C15111074FADD /* Pods_SmackTests.framework */,
				A5E4F20B5712CA5F4DED016E /* Pods_SmackUITests.framework */,
			);
			name = Frameworks;
			sourceTree = "<group>";
		};
/* End PBXGroup section */

/* Begin PBXNativeTarget section */
		310558582016292B009B329A /* Smack */ = {
			isa = PBXNativeTarget;
			buildConfigurationList = 310558812016292B009B329A /* Build configuration list for PBXNativeTarget "Smack" */;
			buildPhases = (
				3985BE30C4BE61FF9CDCA2EE /* [CP] Check Pods Manifest.lock */,
				310558552016292B009B329A /* Sources */,
				310558562016292B009B329A /* Frameworks */,
				310558572016292B009B329A /* Resources */,
				B13D77A1A4B681C45F1BB432 /* [CP] Embed Pods Frameworks */,
				BF1348F3F7D8F0D608910BBE /* [CP] Copy Pods Resources */,
			);
			buildRules = (
			);
			dependencies = (
			);
			name = Smack;
			productName = Smack;
			productReference = 310558592016292B009B329A /* Smack.app */;
			productType = "com.apple.product-type.application";
		};
		3105586C2016292B009B329A /* SmackTests */ = {
			isa = PBXNativeTarget;
			buildConfigurationList = 310558842016292B009B329A /* Build configuration list for PBXNativeTarget "SmackTests" */;
			buildPhases = (
				35E285408AF6964C120EC7B8 /* [CP] Check Pods Manifest.lock */,
				310558692016292B009B329A /* Sources */,
				3105586A2016292B009B329A /* Frameworks */,
				3105586B2016292B009B329A /* Resources */,
				001E790E0CD13A39BE1B35D4 /* [CP] Embed Pods Frameworks */,
				D495E7AE36E9B47228DC5932 /* [CP] Copy Pods Resources */,
			);
			buildRules = (
			);
			dependencies = (
				3105586F2016292B009B329A /* PBXTargetDependency */,
			);
			name = SmackTests;
			productName = SmackTests;
			productReference = 3105586D2016292B009B329A /* SmackTests.xctest */;
			productType = "com.apple.product-type.bundle.unit-test";
		};
		310558772016292B009B329A /* SmackUITests */ = {
			isa = PBXNativeTarget;
			buildConfigurationList = 310558872016292B009B329A /* Build configuration list for PBXNativeTarget "SmackUITests" */;
			buildPhases = (
				12DED1DA86358EAFEC55242D /* [CP] Check Pods Manifest.lock */,
				310558742016292B009B329A /* Sources */,
				310558752016292B009B329A /* Frameworks */,
				310558762016292B009B329A /* Resources */,
				F34CB2BE91658D0A22ADC9AA /* [CP] Embed Pods Frameworks */,
				034B47C4833BA7D1C688567E /* [CP] Copy Pods Resources */,
			);
			buildRules = (
			);
			dependencies = (
				3105587A2016292B009B329A /* PBXTargetDependency */,
			);
			name = SmackUITests;
			productName = SmackUITests;
			productReference = 310558782016292B009B329A /* SmackUITests.xctest */;
			productType = "com.apple.product-type.bundle.ui-testing";
		};
/* End PBXNativeTarget section */

/* Begin PBXProject section */
		310558512016292B009B329A /* Project object */ = {
			isa = PBXProject;
			attributes = {
				LastSwiftUpdateCheck = 0920;
				LastUpgradeCheck = 0920;
				ORGANIZATIONNAME = "Sam DuBois";
				TargetAttributes = {
					310558582016292B009B329A = {
						CreatedOnToolsVersion = 9.2;
						LastSwiftMigration = 0920;
						ProvisioningStyle = Automatic;
					};
					3105586C2016292B009B329A = {
						CreatedOnToolsVersion = 9.2;
						ProvisioningStyle = Automatic;
						TestTargetID = 310558582016292B009B329A;
					};
					310558772016292B009B329A = {
						CreatedOnToolsVersion = 9.2;
						ProvisioningStyle = Automatic;
						TestTargetID = 310558582016292B009B329A;
					};
				};
			};
			buildConfigurationList = 310558542016292B009B329A /* Build configuration list for PBXProject "Smack" */;
			compatibilityVersion = "Xcode 8.0";
			developmentRegion = en;
			hasScannedForEncodings = 0;
			knownRegions = (
				en,
				Base,
			);
			mainGroup = 310558502016292B009B329A;
			productRefGroup = 3105585A2016292B009B329A /* Products */;
			projectDirPath = "";
			projectRoot = "";
			targets = (
				310558582016292B009B329A /* Smack */,
				3105586C2016292B009B329A /* SmackTests */,
				310558772016292B009B329A /* SmackUITests */,
			);
		};
/* End PBXProject section */

/* Begin PBXResourcesBuildPhase section */
		310558572016292B009B329A /* Resources */ = {
			isa = PBXResourcesBuildPhase;
			buildActionMask = 2147483647;
			files = (
				310B32A92028BA2100A92F6B /* ProfileVC.xib in Resources */,
				310558672016292B009B329A /* LaunchScreen.storyboard in Resources */,
				310558642016292B009B329A /* Assets.xcassets in Resources */,
				310558622016292B009B329A /* Main.storyboard in Resources */,
			);
			runOnlyForDeploymentPostprocessing = 0;
		};
		3105586B2016292B009B329A /* Resources */ = {
			isa = PBXResourcesBuildPhase;
			buildActionMask = 2147483647;
			files = (
			);
			runOnlyForDeploymentPostprocessing = 0;
		};
		310558762016292B009B329A /* Resources */ = {
			isa = PBXResourcesBuildPhase;
			buildActionMask = 2147483647;
			files = (
			);
			runOnlyForDeploymentPostprocessing = 0;
		};
/* End PBXResourcesBuildPhase section */

/* Begin PBXShellScriptBuildPhase section */
		001E790E0CD13A39BE1B35D4 /* [CP] Embed Pods Frameworks */ = {
			isa = PBXShellScriptBuildPhase;
			buildActionMask = 2147483647;
			files = (
			);
			inputPaths = (
			);
			name = "[CP] Embed Pods Frameworks";
			outputPaths = (
			);
			runOnlyForDeploymentPostprocessing = 0;
			shellPath = /bin/sh;
			shellScript = "\"${SRCROOT}/Pods/Target Support Files/Pods-SmackTests/Pods-SmackTests-frameworks.sh\"\n";
			showEnvVarsInLog = 0;
		};
		034B47C4833BA7D1C688567E /* [CP] Copy Pods Resources */ = {
			isa = PBXShellScriptBuildPhase;
			buildActionMask = 2147483647;
			files = (
			);
			inputPaths = (
			);
			name = "[CP] Copy Pods Resources";
			outputPaths = (
			);
			runOnlyForDeploymentPostprocessing = 0;
			shellPath = /bin/sh;
			shellScript = "\"${SRCROOT}/Pods/Target Support Files/Pods-SmackUITests/Pods-SmackUITests-resources.sh\"\n";
			showEnvVarsInLog = 0;
		};
		12DED1DA86358EAFEC55242D /* [CP] Check Pods Manifest.lock */ = {
			isa = PBXShellScriptBuildPhase;
			buildActionMask = 2147483647;
			files = (
			);
			inputPaths = (
			);
			name = "[CP] Check Pods Manifest.lock";
			outputPaths = (
			);
			runOnlyForDeploymentPostprocessing = 0;
			shellPath = /bin/sh;
			shellScript = "diff \"${PODS_ROOT}/../Podfile.lock\" \"${PODS_ROOT}/Manifest.lock\" > /dev/null\nif [ $? != 0 ] ; then\n    # print error to STDERR\n    echo \"error: The sandbox is not in sync with the Podfile.lock. Run 'pod install' or update your CocoaPods installation.\" >&2\n    exit 1\nfi\n";
			showEnvVarsInLog = 0;
		};
		35E285408AF6964C120EC7B8 /* [CP] Check Pods Manifest.lock */ = {
			isa = PBXShellScriptBuildPhase;
			buildActionMask = 2147483647;
			files = (
			);
			inputPaths = (
			);
			name = "[CP] Check Pods Manifest.lock";
			outputPaths = (
			);
			runOnlyForDeploymentPostprocessing = 0;
			shellPath = /bin/sh;
			shellScript = "diff \"${PODS_ROOT}/../Podfile.lock\" \"${PODS_ROOT}/Manifest.lock\" > /dev/null\nif [ $? != 0 ] ; then\n    # print error to STDERR\n    echo \"error: The sandbox is not in sync with the Podfile.lock. Run 'pod install' or update your CocoaPods installation.\" >&2\n    exit 1\nfi\n";
			showEnvVarsInLog = 0;
		};
		3985BE30C4BE61FF9CDCA2EE /* [CP] Check Pods Manifest.lock */ = {
			isa = PBXShellScriptBuildPhase;
			buildActionMask = 2147483647;
			files = (
			);
			inputPaths = (
			);
			name = "[CP] Check Pods Manifest.lock";
			outputPaths = (
			);
			runOnlyForDeploymentPostprocessing = 0;
			shellPath = /bin/sh;
			shellScript = "diff \"${PODS_ROOT}/../Podfile.lock\" \"${PODS_ROOT}/Manifest.lock\" > /dev/null\nif [ $? != 0 ] ; then\n    # print error to STDERR\n    echo \"error: The sandbox is not in sync with the Podfile.lock. Run 'pod install' or update your CocoaPods installation.\" >&2\n    exit 1\nfi\n";
			showEnvVarsInLog = 0;
		};
		B13D77A1A4B681C45F1BB432 /* [CP] Embed Pods Frameworks */ = {
			isa = PBXShellScriptBuildPhase;
			buildActionMask = 2147483647;
			files = (
			);
			inputPaths = (
			);
			name = "[CP] Embed Pods Frameworks";
			outputPaths = (
			);
			runOnlyForDeploymentPostprocessing = 0;
			shellPath = /bin/sh;
			shellScript = "\"${SRCROOT}/Pods/Target Support Files/Pods-Smack/Pods-Smack-frameworks.sh\"\n";
			showEnvVarsInLog = 0;
		};
		BF1348F3F7D8F0D608910BBE /* [CP] Copy Pods Resources */ = {
			isa = PBXShellScriptBuildPhase;
			buildActionMask = 2147483647;
			files = (
			);
			inputPaths = (
			);
			name = "[CP] Copy Pods Resources";
			outputPaths = (
			);
			runOnlyForDeploymentPostprocessing = 0;
			shellPath = /bin/sh;
			shellScript = "\"${SRCROOT}/Pods/Target Support Files/Pods-Smack/Pods-Smack-resources.sh\"\n";
			showEnvVarsInLog = 0;
		};
		D495E7AE36E9B47228DC5932 /* [CP] Copy Pods Resources */ = {
			isa = PBXShellScriptBuildPhase;
			buildActionMask = 2147483647;
			files = (
			);
			inputPaths = (
			);
			name = "[CP] Copy Pods Resources";
			outputPaths = (
			);
			runOnlyForDeploymentPostprocessing = 0;
			shellPath = /bin/sh;
			shellScript = "\"${SRCROOT}/Pods/Target Support Files/Pods-SmackTests/Pods-SmackTests-resources.sh\"\n";
			showEnvVarsInLog = 0;
		};
		F34CB2BE91658D0A22ADC9AA /* [CP] Embed Pods Frameworks */ = {
			isa = PBXShellScriptBuildPhase;
			buildActionMask = 2147483647;
			files = (
			);
			inputPaths = (
			);
			name = "[CP] Embed Pods Frameworks";
			outputPaths = (
			);
			runOnlyForDeploymentPostprocessing = 0;
			shellPath = /bin/sh;
			shellScript = "\"${SRCROOT}/Pods/Target Support Files/Pods-SmackUITests/Pods-SmackUITests-frameworks.sh\"\n";
			showEnvVarsInLog = 0;
		};
/* End PBXShellScriptBuildPhase section */

/* Begin PBXSourcesBuildPhase section */
		310558552016292B009B329A /* Sources */ = {
			isa = PBXSourcesBuildPhase;
			buildActionMask = 2147483647;
			files = (
				310B32A82028BA2100A92F6B /* ProfileVC.swift in Sources */,
				3159780420184ECD00A8E268 /* ChannelVC.swift in Sources */,
				311B32A82020EA090061B75A /* AvatarPickerVC.swift in Sources */,
				311E239E201E6BE600735F2A /* RoundedButton.swift in Sources */,
				310B32A52023582E00A92F6B /* CircleImage.swift in Sources */,
				3159780220184EBB00A8E268 /* ChatVC.swift in Sources */,
				311B32A6201EE9220061B75A /* UserDataService.swift in Sources */,
				3159780D201BB65000A8E268 /* CreateAccountVC.swift in Sources */,
				311E239C201E4E5D00735F2A /* AuthService.swift in Sources */,
				3159780B201BB29F00A8E268 /* LoginVC.swift in Sources */,
				31597806201A884100A8E268 /* GradientView.swift in Sources */,
				311B32AA202110330061B75A /* AvatarCell.swift in Sources */,
				3105585D2016292B009B329A /* AppDelegate.swift in Sources */,
				3105588F201635D5009B329A /* SWRevealViewController.m in Sources */,
				31597809201BAE7400A8E268 /* Constants.swift in Sources */,
			);
			runOnlyForDeploymentPostprocessing = 0;
		};
		310558692016292B009B329A /* Sources */ = {
			isa = PBXSourcesBuildPhase;
			buildActionMask = 2147483647;
			files = (
				310558722016292B009B329A /* SmackTests.swift in Sources */,
			);
			runOnlyForDeploymentPostprocessing = 0;
		};
		310558742016292B009B329A /* Sources */ = {
			isa = PBXSourcesBuildPhase;
			buildActionMask = 2147483647;
			files = (
				3105587D2016292B009B329A /* SmackUITests.swift in Sources */,
			);
			runOnlyForDeploymentPostprocessing = 0;
		};
/* End PBXSourcesBuildPhase section */

/* Begin PBXTargetDependency section */
		3105586F2016292B009B329A /* PBXTargetDependency */ = {
			isa = PBXTargetDependency;
			target = 310558582016292B009B329A /* Smack */;
			targetProxy = 3105586E2016292B009B329A /* PBXContainerItemProxy */;
		};
		3105587A2016292B009B329A /* PBXTargetDependency */ = {
			isa = PBXTargetDependency;
			target = 310558582016292B009B329A /* Smack */;
			targetProxy = 310558792016292B009B329A /* PBXContainerItemProxy */;
		};
/* End PBXTargetDependency section */

/* Begin PBXVariantGroup section */
		310558602016292B009B329A /* Main.storyboard */ = {
			isa = PBXVariantGroup;
			children = (
				310558612016292B009B329A /* Base */,
			);
			name = Main.storyboard;
			sourceTree = "<group>";
		};
		310558652016292B009B329A /* LaunchScreen.storyboard */ = {
			isa = PBXVariantGroup;
			children = (
				310558662016292B009B329A /* Base */,
			);
			name = LaunchScreen.storyboard;
			sourceTree = "<group>";
		};
/* End PBXVariantGroup section */

/* Begin XCBuildConfiguration section */
		3105587F2016292B009B329A /* Debug */ = {
			isa = XCBuildConfiguration;
			buildSettings = {
				ALWAYS_SEARCH_USER_PATHS = NO;
				CLANG_ANALYZER_NONNULL = YES;
				CLANG_ANALYZER_NUMBER_OBJECT_CONVERSION = YES_AGGRESSIVE;
				CLANG_CXX_LANGUAGE_STANDARD = "gnu++14";
				CLANG_CXX_LIBRARY = "libc++";
				CLANG_ENABLE_MODULES = YES;
				CLANG_ENABLE_OBJC_ARC = YES;
				CLANG_WARN_BLOCK_CAPTURE_AUTORELEASING = YES;
				CLANG_WARN_BOOL_CONVERSION = YES;
				CLANG_WARN_COMMA = YES;
				CLANG_WARN_CONSTANT_CONVERSION = YES;
				CLANG_WARN_DIRECT_OBJC_ISA_USAGE = YES_ERROR;
				CLANG_WARN_DOCUMENTATION_COMMENTS = YES;
				CLANG_WARN_EMPTY_BODY = YES;
				CLANG_WARN_ENUM_CONVERSION = YES;
				CLANG_WARN_INFINITE_RECURSION = YES;
				CLANG_WARN_INT_CONVERSION = YES;
				CLANG_WARN_NON_LITERAL_NULL_CONVERSION = YES;
				CLANG_WARN_OBJC_LITERAL_CONVERSION = YES;
				CLANG_WARN_OBJC_ROOT_CLASS = YES_ERROR;
				CLANG_WARN_RANGE_LOOP_ANALYSIS = YES;
				CLANG_WARN_STRICT_PROTOTYPES = YES;
				CLANG_WARN_SUSPICIOUS_MOVE = YES;
				CLANG_WARN_UNGUARDED_AVAILABILITY = YES_AGGRESSIVE;
				CLANG_WARN_UNREACHABLE_CODE = YES;
				CLANG_WARN__DUPLICATE_METHOD_MATCH = YES;
				CODE_SIGN_IDENTITY = "iPhone Developer";
				COPY_PHASE_STRIP = NO;
				DEBUG_INFORMATION_FORMAT = dwarf;
				ENABLE_STRICT_OBJC_MSGSEND = YES;
				ENABLE_TESTABILITY = YES;
				GCC_C_LANGUAGE_STANDARD = gnu11;
				GCC_DYNAMIC_NO_PIC = NO;
				GCC_NO_COMMON_BLOCKS = YES;
				GCC_OPTIMIZATION_LEVEL = 0;
				GCC_PREPROCESSOR_DEFINITIONS = (
					"DEBUG=1",
					"$(inherited)",
				);
				GCC_WARN_64_TO_32_BIT_CONVERSION = YES;
				GCC_WARN_ABOUT_RETURN_TYPE = YES_ERROR;
				GCC_WARN_UNDECLARED_SELECTOR = YES;
				GCC_WARN_UNINITIALIZED_AUTOS = YES_AGGRESSIVE;
				GCC_WARN_UNUSED_FUNCTION = YES;
				GCC_WARN_UNUSED_VARIABLE = YES;
				IPHONEOS_DEPLOYMENT_TARGET = 11.2;
				MTL_ENABLE_DEBUG_INFO = YES;
				ONLY_ACTIVE_ARCH = YES;
				SDKROOT = iphoneos;
				SWIFT_ACTIVE_COMPILATION_CONDITIONS = DEBUG;
				SWIFT_OPTIMIZATION_LEVEL = "-Onone";
			};
			name = Debug;
		};
		310558802016292B009B329A /* Release */ = {
			isa = XCBuildConfiguration;
			buildSettings = {
				ALWAYS_SEARCH_USER_PATHS = NO;
				CLANG_ANALYZER_NONNULL = YES;
				CLANG_ANALYZER_NUMBER_OBJECT_CONVERSION = YES_AGGRESSIVE;
				CLANG_CXX_LANGUAGE_STANDARD = "gnu++14";
				CLANG_CXX_LIBRARY = "libc++";
				CLANG_ENABLE_MODULES = YES;
				CLANG_ENABLE_OBJC_ARC = YES;
				CLANG_WARN_BLOCK_CAPTURE_AUTORELEASING = YES;
				CLANG_WARN_BOOL_CONVERSION = YES;
				CLANG_WARN_COMMA = YES;
				CLANG_WARN_CONSTANT_CONVERSION = YES;
				CLANG_WARN_DIRECT_OBJC_ISA_USAGE = YES_ERROR;
				CLANG_WARN_DOCUMENTATION_COMMENTS = YES;
				CLANG_WARN_EMPTY_BODY = YES;
				CLANG_WARN_ENUM_CONVERSION = YES;
				CLANG_WARN_INFINITE_RECURSION = YES;
				CLANG_WARN_INT_CONVERSION = YES;
				CLANG_WARN_NON_LITERAL_NULL_CONVERSION = YES;
				CLANG_WARN_OBJC_LITERAL_CONVERSION = YES;
				CLANG_WARN_OBJC_ROOT_CLASS = YES_ERROR;
				CLANG_WARN_RANGE_LOOP_ANALYSIS = YES;
				CLANG_WARN_STRICT_PROTOTYPES = YES;
				CLANG_WARN_SUSPICIOUS_MOVE = YES;
				CLANG_WARN_UNGUARDED_AVAILABILITY = YES_AGGRESSIVE;
				CLANG_WARN_UNREACHABLE_CODE = YES;
				CLANG_WARN__DUPLICATE_METHOD_MATCH = YES;
				CODE_SIGN_IDENTITY = "iPhone Developer";
				COPY_PHASE_STRIP = NO;
				DEBUG_INFORMATION_FORMAT = "dwarf-with-dsym";
				ENABLE_NS_ASSERTIONS = NO;
				ENABLE_STRICT_OBJC_MSGSEND = YES;
				GCC_C_LANGUAGE_STANDARD = gnu11;
				GCC_NO_COMMON_BLOCKS = YES;
				GCC_WARN_64_TO_32_BIT_CONVERSION = YES;
				GCC_WARN_ABOUT_RETURN_TYPE = YES_ERROR;
				GCC_WARN_UNDECLARED_SELECTOR = YES;
				GCC_WARN_UNINITIALIZED_AUTOS = YES_AGGRESSIVE;
				GCC_WARN_UNUSED_FUNCTION = YES;
				GCC_WARN_UNUSED_VARIABLE = YES;
				IPHONEOS_DEPLOYMENT_TARGET = 11.2;
				MTL_ENABLE_DEBUG_INFO = NO;
				SDKROOT = iphoneos;
				SWIFT_OPTIMIZATION_LEVEL = "-Owholemodule";
				VALIDATE_PRODUCT = YES;
			};
			name = Release;
		};
		310558822016292B009B329A /* Debug */ = {
			isa = XCBuildConfiguration;
			baseConfigurationReference = 13A5A81ADDAC2AD488330DFA /* Pods-Smack.debug.xcconfig */;
			buildSettings = {
				ASSETCATALOG_COMPILER_APPICON_NAME = AppIcon;
				CLANG_ENABLE_MODULES = YES;
				CODE_SIGN_STYLE = Automatic;
				DEVELOPMENT_TEAM = XLEYC29AG5;
				INFOPLIST_FILE = Smack/Info.plist;
				LD_RUNPATH_SEARCH_PATHS = "$(inherited) @executable_path/Frameworks";
				PRODUCT_BUNDLE_IDENTIFIER = com.samDubois.smack.Smack;
				PRODUCT_NAME = "$(TARGET_NAME)";
				SWIFT_OBJC_BRIDGING_HEADER = "Smack/Supporting Files/Smack-Bridging-Header.h";
				SWIFT_OPTIMIZATION_LEVEL = "-Onone";
				SWIFT_VERSION = 4.0;
				TARGETED_DEVICE_FAMILY = "1,2";
			};
			name = Debug;
		};
		310558832016292B009B329A /* Release */ = {
			isa = XCBuildConfiguration;
			baseConfigurationReference = C101D6C9BE05DE5D627B75C7 /* Pods-Smack.release.xcconfig */;
			buildSettings = {
				ASSETCATALOG_COMPILER_APPICON_NAME = AppIcon;
				CLANG_ENABLE_MODULES = YES;
				CODE_SIGN_STYLE = Automatic;
				DEVELOPMENT_TEAM = XLEYC29AG5;
				INFOPLIST_FILE = Smack/Info.plist;
				LD_RUNPATH_SEARCH_PATHS = "$(inherited) @executable_path/Frameworks";
				PRODUCT_BUNDLE_IDENTIFIER = com.samDubois.smack.Smack;
				PRODUCT_NAME = "$(TARGET_NAME)";
				SWIFT_OBJC_BRIDGING_HEADER = "Smack/Supporting Files/Smack-Bridging-Header.h";
				SWIFT_VERSION = 4.0;
				TARGETED_DEVICE_FAMILY = "1,2";
			};
			name = Release;
		};
		310558852016292B009B329A /* Debug */ = {
			isa = XCBuildConfiguration;
			baseConfigurationReference = EAC2E8E54F6006FF63B1AE4E /* Pods-SmackTests.debug.xcconfig */;
			buildSettings = {
				ALWAYS_EMBED_SWIFT_STANDARD_LIBRARIES = YES;
				BUNDLE_LOADER = "$(TEST_HOST)";
				CODE_SIGN_STYLE = Automatic;
				DEVELOPMENT_TEAM = XLEYC29AG5;
				INFOPLIST_FILE = SmackTests/Info.plist;
				LD_RUNPATH_SEARCH_PATHS = "$(inherited) @executable_path/Frameworks @loader_path/Frameworks";
				PRODUCT_BUNDLE_IDENTIFIER = com.samDubois.smack.SmackTests;
				PRODUCT_NAME = "$(TARGET_NAME)";
				SWIFT_VERSION = 4.0;
				TARGETED_DEVICE_FAMILY = "1,2";
				TEST_HOST = "$(BUILT_PRODUCTS_DIR)/Smack.app/Smack";
			};
			name = Debug;
		};
		310558862016292B009B329A /* Release */ = {
			isa = XCBuildConfiguration;
			baseConfigurationReference = 0201D4E9B741590FA2C88162 /* Pods-SmackTests.release.xcconfig */;
			buildSettings = {
				ALWAYS_EMBED_SWIFT_STANDARD_LIBRARIES = YES;
				BUNDLE_LOADER = "$(TEST_HOST)";
				CODE_SIGN_STYLE = Automatic;
				DEVELOPMENT_TEAM = XLEYC29AG5;
				INFOPLIST_FILE = SmackTests/Info.plist;
				LD_RUNPATH_SEARCH_PATHS = "$(inherited) @executable_path/Frameworks @loader_path/Frameworks";
				PRODUCT_BUNDLE_IDENTIFIER = com.samDubois.smack.SmackTests;
				PRODUCT_NAME = "$(TARGET_NAME)";
				SWIFT_VERSION = 4.0;
				TARGETED_DEVICE_FAMILY = "1,2";
				TEST_HOST = "$(BUILT_PRODUCTS_DIR)/Smack.app/Smack";
			};
			name = Release;
		};
		310558882016292B009B329A /* Debug */ = {
			isa = XCBuildConfiguration;
			baseConfigurationReference = 78BF2785464A7FB262C568EB /* Pods-SmackUITests.debug.xcconfig */;
			buildSettings = {
				ALWAYS_EMBED_SWIFT_STANDARD_LIBRARIES = YES;
				CODE_SIGN_STYLE = Automatic;
				DEVELOPMENT_TEAM = XLEYC29AG5;
				INFOPLIST_FILE = SmackUITests/Info.plist;
				LD_RUNPATH_SEARCH_PATHS = "$(inherited) @executable_path/Frameworks @loader_path/Frameworks";
				PRODUCT_BUNDLE_IDENTIFIER = com.samDubois.smack.SmackUITests;
				PRODUCT_NAME = "$(TARGET_NAME)";
				SWIFT_VERSION = 4.0;
				TARGETED_DEVICE_FAMILY = "1,2";
				TEST_TARGET_NAME = Smack;
			};
			name = Debug;
		};
		310558892016292B009B329A /* Release */ = {
			isa = XCBuildConfiguration;
			baseConfigurationReference = 8E9F2115D826B4104C3F9A00 /* Pods-SmackUITests.release.xcconfig */;
			buildSettings = {
				ALWAYS_EMBED_SWIFT_STANDARD_LIBRARIES = YES;
				CODE_SIGN_STYLE = Automatic;
				DEVELOPMENT_TEAM = XLEYC29AG5;
				INFOPLIST_FILE = SmackUITests/Info.plist;
				LD_RUNPATH_SEARCH_PATHS = "$(inherited) @executable_path/Frameworks @loader_path/Frameworks";
				PRODUCT_BUNDLE_IDENTIFIER = com.samDubois.smack.SmackUITests;
				PRODUCT_NAME = "$(TARGET_NAME)";
				SWIFT_VERSION = 4.0;
				TARGETED_DEVICE_FAMILY = "1,2";
				TEST_TARGET_NAME = Smack;
			};
			name = Release;
		};
/* End XCBuildConfiguration section */

/* Begin XCConfigurationList section */
		310558542016292B009B329A /* Build configuration list for PBXProject "Smack" */ = {
			isa = XCConfigurationList;
			buildConfigurations = (
				3105587F2016292B009B329A /* Debug */,
				310558802016292B009B329A /* Release */,
			);
			defaultConfigurationIsVisible = 0;
			defaultConfigurationName = Release;
		};
		310558812016292B009B329A /* Build configuration list for PBXNativeTarget "Smack" */ = {
			isa = XCConfigurationList;
			buildConfigurations = (
				310558822016292B009B329A /* Debug */,
				310558832016292B009B329A /* Release */,
			);
			defaultConfigurationIsVisible = 0;
			defaultConfigurationName = Release;
		};
		310558842016292B009B329A /* Build configuration list for PBXNativeTarget "SmackTests" */ = {
			isa = XCConfigurationList;
			buildConfigurations = (
				310558852016292B009B329A /* Debug */,
				310558862016292B009B329A /* Release */,
			);
			defaultConfigurationIsVisible = 0;
			defaultConfigurationName = Release;
		};
		310558872016292B009B329A /* Build configuration list for PBXNativeTarget "SmackUITests" */ = {
			isa = XCConfigurationList;
			buildConfigurations = (
				310558882016292B009B329A /* Debug */,
				310558892016292B009B329A /* Release */,
			);
			defaultConfigurationIsVisible = 0;
			defaultConfigurationName = Release;
		};
/* End XCConfigurationList section */
	};
	rootObject = 310558512016292B009B329A /* Project object */;
}
